
Microsoft Visual Studio Solution File, Format Version 12.00
# Visual Studio Version 17
VisualStudioVersion = 17.11.35327.3
MinimumVisualStudioVersion = 10.0.40219.1
Project("{9A19103F-16F7-4668-BE54-9A1E7A4F7556}") = "cadastro-produtos-design-patterns", "cadastro-produtos-design-patterns\cadastro-produtos-design-patterns.csproj", "{4A014DB6-B2CA-4FD0-B685-7EE6AA107D9C}"
	ProjectSection(ProjectDependencies) = postProject
		{39F8F75C-B160-4B5C-8045-5BA701F211B9} = {39F8F75C-B160-4B5C-8045-5BA701F211B9}
	EndProjectSection
EndProject
Project("{9A19103F-16F7-4668-BE54-9A1E7A4F7556}") = "Cadastro.Application", "Cadastro.Application\Cadastro.Application.csproj", "{1C4F509A-0D6E-4484-B6FF-DBD6524CB4EE}"
EndProject
Project("{9A19103F-16F7-4668-BE54-9A1E7A4F7556}") = "Cadastro.Data", "Cadastro.Data\Cadastro.Data.csproj", "{0F547984-73BB-433F-A3C6-6BC5DA7844F3}"
	ProjectSection(ProjectDependencies) = postProject
		{39F8F75C-B160-4B5C-8045-5BA701F211B9} = {39F8F75C-B160-4B5C-8045-5BA701F211B9}
	EndProjectSection
EndProject
Project("{9A19103F-16F7-4668-BE54-9A1E7A4F7556}") = "Cadastro.Domain", "Cadastro.Domain\Cadastro.Domain.csproj", "{39F8F75C-B160-4B5C-8045-5BA701F211B9}"
EndProject
Project("{FAE04EC0-301F-11D3-BF4B-00C04F79EFBC}") = "Ecommerce.Tests", "Ecommerce.Tests\Ecommerce.Tests.csproj", "{26F6E090-0675-4332-A0DC-841BE067BB92}"
EndProject
Global
	GlobalSection(SolutionConfigurationPlatforms) = preSolution
		Debug|Any CPU = Debug|Any CPU
		Release|Any CPU = Release|Any CPU
	EndGlobalSection
	GlobalSection(ProjectConfigurationPlatforms) = postSolution
		{4A014DB6-B2CA-4FD0-B685-7EE6AA107D9C}.Debug|Any CPU.ActiveCfg = Debug|Any CPU
		{4A014DB6-B2CA-4FD0-B685-7EE6AA107D9C}.Debug|Any CPU.Build.0 = Debug|Any CPU
		{4A014DB6-B2CA-4FD0-B685-7EE6AA107D9C}.Release|Any CPU.ActiveCfg = Release|Any CPU
		{4A014DB6-B2CA-4FD0-B685-7EE6AA107D9C}.Release|Any CPU.Build.0 = Release|Any CPU
		{1C4F509A-0D6E-4484-B6FF-DBD6524CB4EE}.Debug|Any CPU.ActiveCfg = Debug|Any CPU
		{1C4F509A-0D6E-4484-B6FF-DBD6524CB4EE}.Debug|Any CPU.Build.0 = Debug|Any CPU
		{1C4F509A-0D6E-4484-B6FF-DBD6524CB4EE}.Release|Any CPU.ActiveCfg = Release|Any CPU
		{1C4F509A-0D6E-4484-B6FF-DBD6524CB4EE}.Release|Any CPU.Build.0 = Release|Any CPU
		{0F547984-73BB-433F-A3C6-6BC5DA7844F3}.Debug|Any CPU.ActiveCfg = Debug|Any CPU
		{0F547984-73BB-433F-A3C6-6BC5DA7844F3}.Debug|Any CPU.Build.0 = Debug|Any CPU
		{0F547984-73BB-433F-A3C6-6BC5DA7844F3}.Release|Any CPU.ActiveCfg = Release|Any CPU
		{0F547984-73BB-433F-A3C6-6BC5DA7844F3}.Release|Any CPU.Build.0 = Release|Any CPU
		{39F8F75C-B160-4B5C-8045-5BA701F211B9}.Debug|Any CPU.ActiveCfg = Debug|Any CPU
		{39F8F75C-B160-4B5C-8045-5BA701F211B9}.Debug|Any CPU.Build.0 = Debug|Any CPU
		{39F8F75C-B160-4B5C-8045-5BA701F211B9}.Release|Any CPU.ActiveCfg = Release|Any CPU
		{39F8F75C-B160-4B5C-8045-5BA701F211B9}.Release|Any CPU.Build.0 = Release|Any CPU
		{26F6E090-0675-4332-A0DC-841BE067BB92}.Debug|Any CPU.ActiveCfg = Debug|Any CPU
		{26F6E090-0675-4332-A0DC-841BE067BB92}.Debug|Any CPU.Build.0 = Debug|Any CPU
		{26F6E090-0675-4332-A0DC-841BE067BB92}.Release|Any CPU.ActiveCfg = Release|Any CPU
		{26F6E090-0675-4332-A0DC-841BE067BB92}.Release|Any CPU.Build.0 = Release|Any CPU
	EndGlobalSection
	GlobalSection(SolutionProperties) = preSolution
		HideSolutionNode = FALSE
	EndGlobalSection
	GlobalSection(ExtensibilityGlobals) = postSolution
		SolutionGuid = {80C1C77A-0564-4E87-9222-07119A514090}
	EndGlobalSection
EndGlobal
